
Microsoft Visual Studio Solution File, Format Version 11.00
# Visual Studio 2010
Project("{FAE04EC0-301F-11D3-BF4B-00C04F79EFBC}") = "Eclipse", "Assembly-CSharp.csproj", "{4907957D-567B-639B-6819-F747482822D8}"
EndProject
Project("{FAE04EC0-301F-11D3-BF4B-00C04F79EFBC}") = "Eclipse", "AstarPathfindingProject.csproj", "{90B7B3CC-4747-9A4D-98D1-4D3216976178}"
EndProject
Project("{FAE04EC0-301F-11D3-BF4B-00C04F79EFBC}") = "Eclipse", "AstarPathfindingProjectEditor.csproj", "{03A3F2C0-A64E-6D68-2AD6-D38202E9DBDD}"
EndProject
Project("{FAE04EC0-301F-11D3-BF4B-00C04F79EFBC}") = "Eclipse", "PackageToolsEditor.csproj", "{7AC1E09D-4C00-2BF2-719A-5EF9D20CB5DC}"
EndProject
Global
	GlobalSection(SolutionConfigurationPlatforms) = preSolution
		Debug|Any CPU = Debug|Any CPU
		Release|Any CPU = Release|Any CPU
	EndGlobalSection
	GlobalSection(ProjectConfigurationPlatforms) = postSolution
		{4907957D-567B-639B-6819-F747482822D8}.Debug|Any CPU.ActiveCfg = Debug|Any CPU
		{4907957D-567B-639B-6819-F747482822D8}.Debug|Any CPU.Build.0 = Debug|Any CPU
		{4907957D-567B-639B-6819-F747482822D8}.Release|Any CPU.ActiveCfg = Release|Any CPU
		{4907957D-567B-639B-6819-F747482822D8}.Release|Any CPU.Build.0 = Release|Any CPU
		{90B7B3CC-4747-9A4D-98D1-4D3216976178}.Debug|Any CPU.ActiveCfg = Debug|Any CPU
		{90B7B3CC-4747-9A4D-98D1-4D3216976178}.Debug|Any CPU.Build.0 = Debug|Any CPU
		{90B7B3CC-4747-9A4D-98D1-4D3216976178}.Release|Any CPU.ActiveCfg = Release|Any CPU
		{90B7B3CC-4747-9A4D-98D1-4D3216976178}.Release|Any CPU.Build.0 = Release|Any CPU
		{03A3F2C0-A64E-6D68-2AD6-D38202E9DBDD}.Debug|Any CPU.ActiveCfg = Debug|Any CPU
		{03A3F2C0-A64E-6D68-2AD6-D38202E9DBDD}.Debug|Any CPU.Build.0 = Debug|Any CPU
		{03A3F2C0-A64E-6D68-2AD6-D38202E9DBDD}.Release|Any CPU.ActiveCfg = Release|Any CPU
		{03A3F2C0-A64E-6D68-2AD6-D38202E9DBDD}.Release|Any CPU.Build.0 = Release|Any CPU
		{7AC1E09D-4C00-2BF2-719A-5EF9D20CB5DC}.Debug|Any CPU.ActiveCfg = Debug|Any CPU
		{7AC1E09D-4C00-2BF2-719A-5EF9D20CB5DC}.Debug|Any CPU.Build.0 = Debug|Any CPU
		{7AC1E09D-4C00-2BF2-719A-5EF9D20CB5DC}.Release|Any CPU.ActiveCfg = Release|Any CPU
		{7AC1E09D-4C00-2BF2-719A-5EF9D20CB5DC}.Release|Any CPU.Build.0 = Release|Any CPU
	EndGlobalSection
	GlobalSection(SolutionProperties) = preSolution
		HideSolutionNode = FALSE
	EndGlobalSection
	GlobalSection(MonoDevelopProperties) = preSolution
		StartupItem = Assembly-CSharp.csproj
	EndGlobalSection
EndGlobal
